
Microsoft Visual Studio Solution File, Format Version 12.00
# Visual Studio Version 16
VisualStudioVersion = 16.0.31205.134
MinimumVisualStudioVersion = 10.0.40219.1
Project("{9A19103F-16F7-4668-BE54-9A1E7A4F7556}") = "EratosUoMBackend", "EratosUoMBackend.csproj", "{CBEA612B-9906-4524-ADBF-4C53FCCF81DF}"
EndProject
Global
	GlobalSection(SolutionConfigurationPlatforms) = preSolution
		Debug|Any CPU = Debug|Any CPU
		Release|Any CPU = Release|Any CPU
	EndGlobalSection
	GlobalSection(ProjectConfigurationPlatforms) = postSolution
		{CBEA612B-9906-4524-ADBF-4C53FCCF81DF}.Debug|Any CPU.ActiveCfg = Debug|Any CPU
		{CBEA612B-9906-4524-ADBF-4C53FCCF81DF}.Debug|Any CPU.Build.0 = Debug|Any CPU
		{CBEA612B-9906-4524-ADBF-4C53FCCF81DF}.Release|Any CPU.ActiveCfg = Release|Any CPU
		{CBEA612B-9906-4524-ADBF-4C53FCCF81DF}.Release|Any CPU.Build.0 = Release|Any CPU
	EndGlobalSection
	GlobalSection(SolutionProperties) = preSolution
		HideSolutionNode = FALSE
	EndGlobalSection
	GlobalSection(ExtensibilityGlobals) = postSolution
		SolutionGuid = {BC33D580-C05E-4343-A057-7DC97E40E066}
	EndGlobalSection
EndGlobal
